
Microsoft Visual Studio Solution File, Format Version 12.00
# Visual Studio Version 17
VisualStudioVersion = 17.11.35219.272
MinimumVisualStudioVersion = 10.0.40219.1
Project("{FAE04EC0-301F-11D3-BF4B-00C04F79EFBC}") = "CshInheritancePolymorph", "CshInheritancePolymorph\CshInheritancePolymorph.csproj", "{88A6485C-1092-424F-874F-9C0737D14E1A}"
EndProject
Global
	GlobalSection(SolutionConfigurationPlatforms) = preSolution
		Debug|Any CPU = Debug|Any CPU
		Debug|x64 = Debug|x64
		Debug|x86 = Debug|x86
		Release|Any CPU = Release|Any CPU
		Release|x64 = Release|x64
		Release|x86 = Release|x86
	EndGlobalSection
	GlobalSection(ProjectConfigurationPlatforms) = postSolution
		{88A6485C-1092-424F-874F-9C0737D14E1A}.Debug|Any CPU.ActiveCfg = Debug|Any CPU
		{88A6485C-1092-424F-874F-9C0737D14E1A}.Debug|Any CPU.Build.0 = Debug|Any CPU
		{88A6485C-1092-424F-874F-9C0737D14E1A}.Debug|x64.ActiveCfg = Debug|Any CPU
		{88A6485C-1092-424F-874F-9C0737D14E1A}.Debug|x64.Build.0 = Debug|Any CPU
		{88A6485C-1092-424F-874F-9C0737D14E1A}.Debug|x86.ActiveCfg = Debug|Any CPU
		{88A6485C-1092-424F-874F-9C0737D14E1A}.Debug|x86.Build.0 = Debug|Any CPU
		{88A6485C-1092-424F-874F-9C0737D14E1A}.Release|Any CPU.ActiveCfg = Release|Any CPU
		{88A6485C-1092-424F-874F-9C0737D14E1A}.Release|Any CPU.Build.0 = Release|Any CPU
		{88A6485C-1092-424F-874F-9C0737D14E1A}.Release|x64.ActiveCfg = Release|Any CPU
		{88A6485C-1092-424F-874F-9C0737D14E1A}.Release|x64.Build.0 = Release|Any CPU
		{88A6485C-1092-424F-874F-9C0737D14E1A}.Release|x86.ActiveCfg = Release|Any CPU
		{88A6485C-1092-424F-874F-9C0737D14E1A}.Release|x86.Build.0 = Release|Any CPU
	EndGlobalSection
	GlobalSection(SolutionProperties) = preSolution
		HideSolutionNode = FALSE
	EndGlobalSection
	GlobalSection(ExtensibilityGlobals) = postSolution
		SolutionGuid = {C333A2E3-1CE2-4A44-A8E5-81A6025D5B0B}
	EndGlobalSection
EndGlobal
